
Microsoft Visual Studio Solution File, Format Version 12.00
# Visual Studio 2013
VisualStudioVersion = 12.0.21005.1
MinimumVisualStudioVersion = 10.0.40219.1
Project("{FAE04EC0-301F-11D3-BF4B-00C04F79EFBC}") = "MultimediaManager", "MultimediaManager\MultimediaManager.csproj", "{8E70B5E0-486B-443E-B6FB-F474FBB6ECA8}"
EndProject
Project("{FAE04EC0-301F-11D3-BF4B-00C04F79EFBC}") = "MultimediaManager.Core", "MultimediaManager.Core\MultimediaManager.Core.csproj", "{90784E7A-5E04-4CEF-B9FB-354ED314ED9E}"
EndProject
Project("{F088123C-0E9E-452A-89E6-6BA2F21D5CAC}") = "ModelingProject", "ModelingProject\ModelingProject.modelproj", "{C042ABDB-7388-4D02-BDDC-E8D2FC496573}"
EndProject
Project("{FAE04EC0-301F-11D3-BF4B-00C04F79EFBC}") = "MultimediaManager.Mp3", "MultimediaManager.Mp3\MultimediaManager.Mp3.csproj", "{E25C94F4-9AAC-4317-8B44-2A30D8C0354B}"
EndProject
Project("{FAE04EC0-301F-11D3-BF4B-00C04F79EFBC}") = "UnitTestProject", "UnitTestProject\UnitTestProject.csproj", "{E9A6DE90-DEE0-4A72-B156-4FBEA65E5BCD}"
EndProject
Global
	GlobalSection(SolutionConfigurationPlatforms) = preSolution
		Debug|Any CPU = Debug|Any CPU
		Release|Any CPU = Release|Any CPU
	EndGlobalSection
	GlobalSection(ProjectConfigurationPlatforms) = postSolution
		{8E70B5E0-486B-443E-B6FB-F474FBB6ECA8}.Debug|Any CPU.ActiveCfg = Debug|Any CPU
		{8E70B5E0-486B-443E-B6FB-F474FBB6ECA8}.Debug|Any CPU.Build.0 = Debug|Any CPU
		{8E70B5E0-486B-443E-B6FB-F474FBB6ECA8}.Release|Any CPU.ActiveCfg = Release|Any CPU
		{8E70B5E0-486B-443E-B6FB-F474FBB6ECA8}.Release|Any CPU.Build.0 = Release|Any CPU
		{90784E7A-5E04-4CEF-B9FB-354ED314ED9E}.Debug|Any CPU.ActiveCfg = Debug|Any CPU
		{90784E7A-5E04-4CEF-B9FB-354ED314ED9E}.Debug|Any CPU.Build.0 = Debug|Any CPU
		{90784E7A-5E04-4CEF-B9FB-354ED314ED9E}.Release|Any CPU.ActiveCfg = Release|Any CPU
		{90784E7A-5E04-4CEF-B9FB-354ED314ED9E}.Release|Any CPU.Build.0 = Release|Any CPU
		{C042ABDB-7388-4D02-BDDC-E8D2FC496573}.Debug|Any CPU.ActiveCfg = Debug|Any CPU
		{C042ABDB-7388-4D02-BDDC-E8D2FC496573}.Debug|Any CPU.Build.0 = Debug|Any CPU
		{C042ABDB-7388-4D02-BDDC-E8D2FC496573}.Release|Any CPU.ActiveCfg = Release|Any CPU
		{C042ABDB-7388-4D02-BDDC-E8D2FC496573}.Release|Any CPU.Build.0 = Release|Any CPU
		{E25C94F4-9AAC-4317-8B44-2A30D8C0354B}.Debug|Any CPU.ActiveCfg = Debug|Any CPU
		{E25C94F4-9AAC-4317-8B44-2A30D8C0354B}.Debug|Any CPU.Build.0 = Debug|Any CPU
		{E25C94F4-9AAC-4317-8B44-2A30D8C0354B}.Release|Any CPU.ActiveCfg = Release|Any CPU
		{E25C94F4-9AAC-4317-8B44-2A30D8C0354B}.Release|Any CPU.Build.0 = Release|Any CPU
		{E9A6DE90-DEE0-4A72-B156-4FBEA65E5BCD}.Debug|Any CPU.ActiveCfg = Debug|Any CPU
		{E9A6DE90-DEE0-4A72-B156-4FBEA65E5BCD}.Debug|Any CPU.Build.0 = Debug|Any CPU
		{E9A6DE90-DEE0-4A72-B156-4FBEA65E5BCD}.Release|Any CPU.ActiveCfg = Release|Any CPU
		{E9A6DE90-DEE0-4A72-B156-4FBEA65E5BCD}.Release|Any CPU.Build.0 = Release|Any CPU
	EndGlobalSection
	GlobalSection(SolutionProperties) = preSolution
		HideSolutionNode = FALSE
	EndGlobalSection
EndGlobal
